// !$*UTF8*$!
{
	archiveVersion = 1;
	classes = {
	};
	objectVersion = 56;
	objects = {

/* Begin PBXBuildFile section */
		9F1D16012BB9AEE60062A4CD /* XCGLogFeature in Frameworks */ = {isa = PBXBuildFile; productRef = 9F1D16002BB9AEE60062A4CD /* XCGLogFeature */; };
		9F1D16032BB9AF3D0062A4CD /* ClientFeature in Frameworks */ = {isa = PBXBuildFile; productRef = 9F1D16022BB9AF3D0062A4CD /* ClientFeature */; };
		9F1D16052BB9AF3D0062A4CD /* DaxAudioFeature in Frameworks */ = {isa = PBXBuildFile; productRef = 9F1D16042BB9AF3D0062A4CD /* DaxAudioFeature */; };
		9F1D16072BB9AF3D0062A4CD /* DirectFeature in Frameworks */ = {isa = PBXBuildFile; productRef = 9F1D16062BB9AF3D0062A4CD /* DirectFeature */; };
		9F1D16092BB9AF3D0062A4CD /* FlexApiFeature in Frameworks */ = {isa = PBXBuildFile; productRef = 9F1D16082BB9AF3D0062A4CD /* FlexApiFeature */; };
		9F1D160B2BB9AF3D0062A4CD /* ListenerFeature in Frameworks */ = {isa = PBXBuildFile; productRef = 9F1D160A2BB9AF3D0062A4CD /* ListenerFeature */; };
		9F1D160D2BB9AF3D0062A4CD /* LoginFeature in Frameworks */ = {isa = PBXBuildFile; productRef = 9F1D160C2BB9AF3D0062A4CD /* LoginFeature */; };
		9F1D160F2BB9AF3D0062A4CD /* PickerFeature in Frameworks */ = {isa = PBXBuildFile; productRef = 9F1D160E2BB9AF3D0062A4CD /* PickerFeature */; };
		9F1D16112BB9AF3D0062A4CD /* RingBufferFeature in Frameworks */ = {isa = PBXBuildFile; productRef = 9F1D16102BB9AF3D0062A4CD /* RingBufferFeature */; };
		9F1D16132BB9AF3D0062A4CD /* RxAudioFeature in Frameworks */ = {isa = PBXBuildFile; productRef = 9F1D16122BB9AF3D0062A4CD /* RxAudioFeature */; };
		9F1D16152BB9AF3D0062A4CD /* SettingsFeature in Frameworks */ = {isa = PBXBuildFile; productRef = 9F1D16142BB9AF3D0062A4CD /* SettingsFeature */; };
		9F1D16172BB9AF3D0062A4CD /* SharedFeature in Frameworks */ = {isa = PBXBuildFile; productRef = 9F1D16162BB9AF3D0062A4CD /* SharedFeature */; };
		9F1D16192BB9AF3D0062A4CD /* TcpFeature in Frameworks */ = {isa = PBXBuildFile; productRef = 9F1D16182BB9AF3D0062A4CD /* TcpFeature */; };
		9F1D161B2BB9AF3D0062A4CD /* UdpFeature in Frameworks */ = {isa = PBXBuildFile; productRef = 9F1D161A2BB9AF3D0062A4CD /* UdpFeature */; };
		9F1D161D2BB9AF3D0062A4CD /* VitaFeature in Frameworks */ = {isa = PBXBuildFile; productRef = 9F1D161C2BB9AF3D0062A4CD /* VitaFeature */; };
		9F1D161F2BB9E4140062A4CD /* AudioPopover.swift in Sources */ = {isa = PBXBuildFile; fileRef = 9F1D161E2BB9E4140062A4CD /* AudioPopover.swift */; };
		9F1D16222BBB2F3D0062A4CD /* ControlsFeature in Frameworks */ = {isa = PBXBuildFile; productRef = 9F1D16212BBB2F3D0062A4CD /* ControlsFeature */; };
		9F5797002A2B919700E93D97 /* SDR6000App.swift in Sources */ = {isa = PBXBuildFile; fileRef = 9F5796FF2A2B919700E93D97 /* SDR6000App.swift */; };
		9F5797022A2B919700E93D97 /* SDRView.swift in Sources */ = {isa = PBXBuildFile; fileRef = 9F5797012A2B919700E93D97 /* SDRView.swift */; };
		9F5797042A2B919800E93D97 /* Assets.xcassets in Resources */ = {isa = PBXBuildFile; fileRef = 9F5797032A2B919800E93D97 /* Assets.xcassets */; };
		9F5797072A2B919800E93D97 /* Preview Assets.xcassets in Resources */ = {isa = PBXBuildFile; fileRef = 9F5797062A2B919800E93D97 /* Preview Assets.xcassets */; };
		9F5797122A2B924300E93D97 /* SDR6000Core.swift in Sources */ = {isa = PBXBuildFile; fileRef = 9F5797112A2B924300E93D97 /* SDR6000Core.swift */; };
		9FD8294C2AF5E97E002EC81C /* SDRModel.swift in Sources */ = {isa = PBXBuildFile; fileRef = 9FD8294B2AF5E97E002EC81C /* SDRModel.swift */; };
/* End PBXBuildFile section */

/* Begin PBXFileReference section */
		9F1D161E2BB9E4140062A4CD /* AudioPopover.swift */ = {isa = PBXFileReference; lastKnownFileType = sourcecode.swift; path = AudioPopover.swift; sourceTree = "<group>"; };
		9F1D16202BBA43D10062A4CD /* SDRApiFeatures */ = {isa = PBXFileReference; lastKnownFileType = wrapper; name = SDRApiFeatures; path = ../Packages/SDRApiFeatures; sourceTree = "<group>"; };
		9F5796FC2A2B919700E93D97 /* SDR6000.app */ = {isa = PBXFileReference; explicitFileType = wrapper.application; includeInIndex = 0; path = SDR6000.app; sourceTree = BUILT_PRODUCTS_DIR; };
		9F5796FF2A2B919700E93D97 /* SDR6000App.swift */ = {isa = PBXFileReference; lastKnownFileType = sourcecode.swift; path = SDR6000App.swift; sourceTree = "<group>"; };
		9F5797012A2B919700E93D97 /* SDRView.swift */ = {isa = PBXFileReference; lastKnownFileType = sourcecode.swift; path = SDRView.swift; sourceTree = "<group>"; };
		9F5797032A2B919800E93D97 /* Assets.xcassets */ = {isa = PBXFileReference; lastKnownFileType = folder.assetcatalog; path = Assets.xcassets; sourceTree = "<group>"; };
		9F5797062A2B919800E93D97 /* Preview Assets.xcassets */ = {isa = PBXFileReference; lastKnownFileType = folder.assetcatalog; path = "Preview Assets.xcassets"; sourceTree = "<group>"; };
		9F5797082A2B919800E93D97 /* SDR6000.entitlements */ = {isa = PBXFileReference; lastKnownFileType = text.plist.entitlements; path = SDR6000.entitlements; sourceTree = "<group>"; };
		9F5797112A2B924300E93D97 /* SDR6000Core.swift */ = {isa = PBXFileReference; lastKnownFileType = sourcecode.swift; path = SDR6000Core.swift; sourceTree = "<group>"; };
		9FD8294B2AF5E97E002EC81C /* SDRModel.swift */ = {isa = PBXFileReference; lastKnownFileType = sourcecode.swift; path = SDRModel.swift; sourceTree = "<group>"; };
		9FF9BE172A34071E00BEB4D9 /* README.md */ = {isa = PBXFileReference; lastKnownFileType = net.daringfireball.markdown; path = README.md; sourceTree = "<group>"; };
/* End PBXFileReference section */

/* Begin PBXFrameworksBuildPhase section */
		9F5796F92A2B919700E93D97 /* Frameworks */ = {
			isa = PBXFrameworksBuildPhase;
			buildActionMask = 2147483647;
			files = (
				9F1D160D2BB9AF3D0062A4CD /* LoginFeature in Frameworks */,
				9F1D16072BB9AF3D0062A4CD /* DirectFeature in Frameworks */,
				9F1D161D2BB9AF3D0062A4CD /* VitaFeature in Frameworks */,
				9F1D160B2BB9AF3D0062A4CD /* ListenerFeature in Frameworks */,
				9F1D16052BB9AF3D0062A4CD /* DaxAudioFeature in Frameworks */,
				9F1D16172BB9AF3D0062A4CD /* SharedFeature in Frameworks */,
				9F1D16192BB9AF3D0062A4CD /* TcpFeature in Frameworks */,
				9F1D16152BB9AF3D0062A4CD /* SettingsFeature in Frameworks */,
				9F1D16032BB9AF3D0062A4CD /* ClientFeature in Frameworks */,
				9F1D16092BB9AF3D0062A4CD /* FlexApiFeature in Frameworks */,
				9F1D161B2BB9AF3D0062A4CD /* UdpFeature in Frameworks */,
				9F1D16012BB9AEE60062A4CD /* XCGLogFeature in Frameworks */,
				9F1D16112BB9AF3D0062A4CD /* RingBufferFeature in Frameworks */,
				9F1D16132BB9AF3D0062A4CD /* RxAudioFeature in Frameworks */,
				9F1D160F2BB9AF3D0062A4CD /* PickerFeature in Frameworks */,
				9F1D16222BBB2F3D0062A4CD /* ControlsFeature in Frameworks */,
			);
			runOnlyForDeploymentPostprocessing = 0;
		};
/* End PBXFrameworksBuildPhase section */

/* Begin PBXGroup section */
		9F5796F32A2B919700E93D97 = {
			isa = PBXGroup;
			children = (
				9F1D16202BBA43D10062A4CD /* SDRApiFeatures */,
				9FF9BE172A34071E00BEB4D9 /* README.md */,
				9F5796FE2A2B919700E93D97 /* SDR6000 */,
				9F5796FD2A2B919700E93D97 /* Products */,
				9F5797372A2BCD0C00E93D97 /* Frameworks */,
			);
			sourceTree = "<group>";
		};
		9F5796FD2A2B919700E93D97 /* Products */ = {
			isa = PBXGroup;
			children = (
				9F5796FC2A2B919700E93D97 /* SDR6000.app */,
			);
			name = Products;
			sourceTree = "<group>";
		};
		9F5796FE2A2B919700E93D97 /* SDR6000 */ = {
			isa = PBXGroup;
			children = (
				9F5797032A2B919800E93D97 /* Assets.xcassets */,
				9F5797052A2B919800E93D97 /* Preview Content */,
				9F5797082A2B919800E93D97 /* SDR6000.entitlements */,
				9F5796FF2A2B919700E93D97 /* SDR6000App.swift */,
				9F5797112A2B924300E93D97 /* SDR6000Core.swift */,
				9FD8294B2AF5E97E002EC81C /* SDRModel.swift */,
				9F5797012A2B919700E93D97 /* SDRView.swift */,
				9F1D161E2BB9E4140062A4CD /* AudioPopover.swift */,
			);
			path = SDR6000;
			sourceTree = "<group>";
		};
		9F5797052A2B919800E93D97 /* Preview Content */ = {
			isa = PBXGroup;
			children = (
				9F5797062A2B919800E93D97 /* Preview Assets.xcassets */,
			);
			path = "Preview Content";
			sourceTree = "<group>";
		};
		9F5797372A2BCD0C00E93D97 /* Frameworks */ = {
			isa = PBXGroup;
			children = (
			);
			name = Frameworks;
			sourceTree = "<group>";
		};
/* End PBXGroup section */

/* Begin PBXNativeTarget section */
		9F5796FB2A2B919700E93D97 /* SDR6000 */ = {
			isa = PBXNativeTarget;
			buildConfigurationList = 9F57970B2A2B919800E93D97 /* Build configuration list for PBXNativeTarget "SDR6000" */;
			buildPhases = (
				9F5796F82A2B919700E93D97 /* Sources */,
				9F5796F92A2B919700E93D97 /* Frameworks */,
				9F5796FA2A2B919700E93D97 /* Resources */,
			);
			buildRules = (
			);
			dependencies = (
			);
			name = SDR6000;
			packageProductDependencies = (
				9F1D16002BB9AEE60062A4CD /* XCGLogFeature */,
				9F1D16022BB9AF3D0062A4CD /* ClientFeature */,
				9F1D16042BB9AF3D0062A4CD /* DaxAudioFeature */,
				9F1D16062BB9AF3D0062A4CD /* DirectFeature */,
				9F1D16082BB9AF3D0062A4CD /* FlexApiFeature */,
				9F1D160A2BB9AF3D0062A4CD /* ListenerFeature */,
				9F1D160C2BB9AF3D0062A4CD /* LoginFeature */,
				9F1D160E2BB9AF3D0062A4CD /* PickerFeature */,
				9F1D16102BB9AF3D0062A4CD /* RingBufferFeature */,
				9F1D16122BB9AF3D0062A4CD /* RxAudioFeature */,
				9F1D16142BB9AF3D0062A4CD /* SettingsFeature */,
				9F1D16162BB9AF3D0062A4CD /* SharedFeature */,
				9F1D16182BB9AF3D0062A4CD /* TcpFeature */,
				9F1D161A2BB9AF3D0062A4CD /* UdpFeature */,
				9F1D161C2BB9AF3D0062A4CD /* VitaFeature */,
				9F1D16212BBB2F3D0062A4CD /* ControlsFeature */,
			);
			productName = Sdr6000;
			productReference = 9F5796FC2A2B919700E93D97 /* SDR6000.app */;
			productType = "com.apple.product-type.application";
		};
/* End PBXNativeTarget section */

/* Begin PBXProject section */
		9F5796F42A2B919700E93D97 /* Project object */ = {
			isa = PBXProject;
			attributes = {
				BuildIndependentTargetsInParallel = 1;
				LastSwiftUpdateCheck = 1430;
				LastUpgradeCheck = 1530;
				TargetAttributes = {
					9F5796FB2A2B919700E93D97 = {
						CreatedOnToolsVersion = 14.3.1;
					};
				};
			};
			buildConfigurationList = 9F5796F72A2B919700E93D97 /* Build configuration list for PBXProject "SDR6000" */;
			compatibilityVersion = "Xcode 14.0";
			developmentRegion = en;
			hasScannedForEncodings = 0;
			knownRegions = (
				en,
				Base,
			);
			mainGroup = 9F5796F32A2B919700E93D97;
			packageReferences = (
				9F8448422BB5B89C0000C95D /* XCRemoteSwiftPackageReference "SDRApiFeatures" */,
				9F1D15FF2BB9AEE60062A4CD /* XCRemoteSwiftPackageReference "LogFeatures" */,
			);
			productRefGroup = 9F5796FD2A2B919700E93D97 /* Products */;
			projectDirPath = "";
			projectRoot = "";
			targets = (
				9F5796FB2A2B919700E93D97 /* SDR6000 */,
			);
		};
/* End PBXProject section */

/* Begin PBXResourcesBuildPhase section */
		9F5796FA2A2B919700E93D97 /* Resources */ = {
			isa = PBXResourcesBuildPhase;
			buildActionMask = 2147483647;
			files = (
				9F5797072A2B919800E93D97 /* Preview Assets.xcassets in Resources */,
				9F5797042A2B919800E93D97 /* Assets.xcassets in Resources */,
			);
			runOnlyForDeploymentPostprocessing = 0;
		};
/* End PBXResourcesBuildPhase section */

/* Begin PBXSourcesBuildPhase section */
		9F5796F82A2B919700E93D97 /* Sources */ = {
			isa = PBXSourcesBuildPhase;
			buildActionMask = 2147483647;
			files = (
				9F5797122A2B924300E93D97 /* SDR6000Core.swift in Sources */,
				9F1D161F2BB9E4140062A4CD /* AudioPopover.swift in Sources */,
				9F5797022A2B919700E93D97 /* SDRView.swift in Sources */,
				9F5797002A2B919700E93D97 /* SDR6000App.swift in Sources */,
				9FD8294C2AF5E97E002EC81C /* SDRModel.swift in Sources */,
			);
			runOnlyForDeploymentPostprocessing = 0;
		};
/* End PBXSourcesBuildPhase section */

/* Begin XCBuildConfiguration section */
		9F5797092A2B919800E93D97 /* Debug */ = {
			isa = XCBuildConfiguration;
			buildSettings = {
				ALWAYS_SEARCH_USER_PATHS = NO;
				ASSETCATALOG_COMPILER_GENERATE_SWIFT_ASSET_SYMBOL_EXTENSIONS = YES;
				CLANG_ANALYZER_NONNULL = YES;
				CLANG_ANALYZER_NUMBER_OBJECT_CONVERSION = YES_AGGRESSIVE;
				CLANG_CXX_LANGUAGE_STANDARD = "gnu++20";
				CLANG_ENABLE_MODULES = YES;
				CLANG_ENABLE_OBJC_ARC = YES;
				CLANG_ENABLE_OBJC_WEAK = YES;
				CLANG_WARN_BLOCK_CAPTURE_AUTORELEASING = YES;
				CLANG_WARN_BOOL_CONVERSION = YES;
				CLANG_WARN_COMMA = YES;
				CLANG_WARN_CONSTANT_CONVERSION = YES;
				CLANG_WARN_DEPRECATED_OBJC_IMPLEMENTATIONS = YES;
				CLANG_WARN_DIRECT_OBJC_ISA_USAGE = YES_ERROR;
				CLANG_WARN_DOCUMENTATION_COMMENTS = YES;
				CLANG_WARN_EMPTY_BODY = YES;
				CLANG_WARN_ENUM_CONVERSION = YES;
				CLANG_WARN_INFINITE_RECURSION = YES;
				CLANG_WARN_INT_CONVERSION = YES;
				CLANG_WARN_NON_LITERAL_NULL_CONVERSION = YES;
				CLANG_WARN_OBJC_IMPLICIT_RETAIN_SELF = YES;
				CLANG_WARN_OBJC_LITERAL_CONVERSION = YES;
				CLANG_WARN_OBJC_ROOT_CLASS = YES_ERROR;
				CLANG_WARN_QUOTED_INCLUDE_IN_FRAMEWORK_HEADER = YES;
				CLANG_WARN_RANGE_LOOP_ANALYSIS = YES;
				CLANG_WARN_STRICT_PROTOTYPES = YES;
				CLANG_WARN_SUSPICIOUS_MOVE = YES;
				CLANG_WARN_UNGUARDED_AVAILABILITY = YES_AGGRESSIVE;
				CLANG_WARN_UNREACHABLE_CODE = YES;
				CLANG_WARN__DUPLICATE_METHOD_MATCH = YES;
				COPY_PHASE_STRIP = NO;
				DEAD_CODE_STRIPPING = YES;
				DEBUG_INFORMATION_FORMAT = dwarf;
				ENABLE_STRICT_OBJC_MSGSEND = YES;
				ENABLE_TESTABILITY = YES;
				ENABLE_USER_SCRIPT_SANDBOXING = YES;
				GCC_C_LANGUAGE_STANDARD = gnu11;
				GCC_DYNAMIC_NO_PIC = NO;
				GCC_NO_COMMON_BLOCKS = YES;
				GCC_OPTIMIZATION_LEVEL = 0;
				GCC_PREPROCESSOR_DEFINITIONS = (
					"DEBUG=1",
					"$(inherited)",
				);
				GCC_WARN_64_TO_32_BIT_CONVERSION = YES;
				GCC_WARN_ABOUT_RETURN_TYPE = YES_ERROR;
				GCC_WARN_UNDECLARED_SELECTOR = YES;
				GCC_WARN_UNINITIALIZED_AUTOS = YES_AGGRESSIVE;
				GCC_WARN_UNUSED_FUNCTION = YES;
				GCC_WARN_UNUSED_VARIABLE = YES;
				MACOSX_DEPLOYMENT_TARGET = 13.3;
				MTL_ENABLE_DEBUG_INFO = INCLUDE_SOURCE;
				MTL_FAST_MATH = YES;
				ONLY_ACTIVE_ARCH = YES;
				SDKROOT = macosx;
				SWIFT_ACTIVE_COMPILATION_CONDITIONS = DEBUG;
				SWIFT_OPTIMIZATION_LEVEL = "-Onone";
			};
			name = Debug;
		};
		9F57970A2A2B919800E93D97 /* Release */ = {
			isa = XCBuildConfiguration;
			buildSettings = {
				ALWAYS_SEARCH_USER_PATHS = NO;
				ASSETCATALOG_COMPILER_GENERATE_SWIFT_ASSET_SYMBOL_EXTENSIONS = YES;
				CLANG_ANALYZER_NONNULL = YES;
				CLANG_ANALYZER_NUMBER_OBJECT_CONVERSION = YES_AGGRESSIVE;
				CLANG_CXX_LANGUAGE_STANDARD = "gnu++20";
				CLANG_ENABLE_MODULES = YES;
				CLANG_ENABLE_OBJC_ARC = YES;
				CLANG_ENABLE_OBJC_WEAK = YES;
				CLANG_WARN_BLOCK_CAPTURE_AUTORELEASING = YES;
				CLANG_WARN_BOOL_CONVERSION = YES;
				CLANG_WARN_COMMA = YES;
				CLANG_WARN_CONSTANT_CONVERSION = YES;
				CLANG_WARN_DEPRECATED_OBJC_IMPLEMENTATIONS = YES;
				CLANG_WARN_DIRECT_OBJC_ISA_USAGE = YES_ERROR;
				CLANG_WARN_DOCUMENTATION_COMMENTS = YES;
				CLANG_WARN_EMPTY_BODY = YES;
				CLANG_WARN_ENUM_CONVERSION = YES;
				CLANG_WARN_INFINITE_RECURSION = YES;
				CLANG_WARN_INT_CONVERSION = YES;
				CLANG_WARN_NON_LITERAL_NULL_CONVERSION = YES;
				CLANG_WARN_OBJC_IMPLICIT_RETAIN_SELF = YES;
				CLANG_WARN_OBJC_LITERAL_CONVERSION = YES;
				CLANG_WARN_OBJC_ROOT_CLASS = YES_ERROR;
				CLANG_WARN_QUOTED_INCLUDE_IN_FRAMEWORK_HEADER = YES;
				CLANG_WARN_RANGE_LOOP_ANALYSIS = YES;
				CLANG_WARN_STRICT_PROTOTYPES = YES;
				CLANG_WARN_SUSPICIOUS_MOVE = YES;
				CLANG_WARN_UNGUARDED_AVAILABILITY = YES_AGGRESSIVE;
				CLANG_WARN_UNREACHABLE_CODE = YES;
				CLANG_WARN__DUPLICATE_METHOD_MATCH = YES;
				COPY_PHASE_STRIP = NO;
				DEAD_CODE_STRIPPING = YES;
				DEBUG_INFORMATION_FORMAT = "dwarf-with-dsym";
				ENABLE_NS_ASSERTIONS = NO;
				ENABLE_STRICT_OBJC_MSGSEND = YES;
				ENABLE_USER_SCRIPT_SANDBOXING = YES;
				GCC_C_LANGUAGE_STANDARD = gnu11;
				GCC_NO_COMMON_BLOCKS = YES;
				GCC_WARN_64_TO_32_BIT_CONVERSION = YES;
				GCC_WARN_ABOUT_RETURN_TYPE = YES_ERROR;
				GCC_WARN_UNDECLARED_SELECTOR = YES;
				GCC_WARN_UNINITIALIZED_AUTOS = YES_AGGRESSIVE;
				GCC_WARN_UNUSED_FUNCTION = YES;
				GCC_WARN_UNUSED_VARIABLE = YES;
				MACOSX_DEPLOYMENT_TARGET = 13.3;
				MTL_ENABLE_DEBUG_INFO = NO;
				MTL_FAST_MATH = YES;
				SDKROOT = macosx;
				SWIFT_COMPILATION_MODE = wholemodule;
				SWIFT_OPTIMIZATION_LEVEL = "-O";
			};
			name = Release;
		};
		9F57970C2A2B919800E93D97 /* Debug */ = {
			isa = XCBuildConfiguration;
			buildSettings = {
				ASSETCATALOG_COMPILER_APPICON_NAME = AppIcon;
				ASSETCATALOG_COMPILER_GLOBAL_ACCENT_COLOR_NAME = AccentColor;
				CODE_SIGN_ENTITLEMENTS = SDR6000/SDR6000.entitlements;
				CODE_SIGN_STYLE = Automatic;
				COMBINE_HIDPI_IMAGES = YES;
				CURRENT_PROJECT_VERSION = 1;
				DEAD_CODE_STRIPPING = YES;
				DEVELOPMENT_ASSET_PATHS = "\"SDR6000/Preview Content\"";
				DEVELOPMENT_TEAM = EE5B8TYXGA;
				ENABLE_HARDENED_RUNTIME = YES;
				ENABLE_PREVIEWS = YES;
				GENERATE_INFOPLIST_FILE = YES;
				INFOPLIST_KEY_NSHumanReadableCopyright = "";
				INFOPLIST_KEY_NSMicrophoneUsageDescription = "";
				LD_RUNPATH_SEARCH_PATHS = (
					"$(inherited)",
					"@executable_path/../Frameworks",
				);
				MACOSX_DEPLOYMENT_TARGET = 14.0;
				MARKETING_VERSION = 0.8;
				PRODUCT_BUNDLE_IDENTIFIER = net.k3tzr.SDR6000;
				PRODUCT_NAME = "$(TARGET_NAME)";
				SWIFT_EMIT_LOC_STRINGS = YES;
				SWIFT_VERSION = 5.0;
			};
			name = Debug;
		};
		9F57970D2A2B919800E93D97 /* Release */ = {
			isa = XCBuildConfiguration;
			buildSettings = {
				ASSETCATALOG_COMPILER_APPICON_NAME = AppIcon;
				ASSETCATALOG_COMPILER_GLOBAL_ACCENT_COLOR_NAME = AccentColor;
				CODE_SIGN_ENTITLEMENTS = SDR6000/SDR6000.entitlements;
				CODE_SIGN_STYLE = Automatic;
				COMBINE_HIDPI_IMAGES = YES;
				CURRENT_PROJECT_VERSION = 1;
				DEAD_CODE_STRIPPING = YES;
				DEVELOPMENT_ASSET_PATHS = "\"SDR6000/Preview Content\"";
				DEVELOPMENT_TEAM = EE5B8TYXGA;
				ENABLE_HARDENED_RUNTIME = YES;
				ENABLE_PREVIEWS = YES;
				GENERATE_INFOPLIST_FILE = YES;
				INFOPLIST_KEY_NSHumanReadableCopyright = "";
				INFOPLIST_KEY_NSMicrophoneUsageDescription = "";
				LD_RUNPATH_SEARCH_PATHS = (
					"$(inherited)",
					"@executable_path/../Frameworks",
				);
				MACOSX_DEPLOYMENT_TARGET = 14.0;
				MARKETING_VERSION = 0.8;
				PRODUCT_BUNDLE_IDENTIFIER = net.k3tzr.SDR6000;
				PRODUCT_NAME = "$(TARGET_NAME)";
				SWIFT_EMIT_LOC_STRINGS = YES;
				SWIFT_VERSION = 5.0;
			};
			name = Release;
		};
/* End XCBuildConfiguration section */

/* Begin XCConfigurationList section */
		9F5796F72A2B919700E93D97 /* Build configuration list for PBXProject "SDR6000" */ = {
			isa = XCConfigurationList;
			buildConfigurations = (
				9F5797092A2B919800E93D97 /* Debug */,
				9F57970A2A2B919800E93D97 /* Release */,
			);
			defaultConfigurationIsVisible = 0;
			defaultConfigurationName = Release;
		};
		9F57970B2A2B919800E93D97 /* Build configuration list for PBXNativeTarget "SDR6000" */ = {
			isa = XCConfigurationList;
			buildConfigurations = (
				9F57970C2A2B919800E93D97 /* Debug */,
				9F57970D2A2B919800E93D97 /* Release */,
			);
			defaultConfigurationIsVisible = 0;
			defaultConfigurationName = Release;
		};
/* End XCConfigurationList section */

/* Begin XCRemoteSwiftPackageReference section */
		9F1D15FF2BB9AEE60062A4CD /* XCRemoteSwiftPackageReference "LogFeatures" */ = {
			isa = XCRemoteSwiftPackageReference;
			repositoryURL = "https://github.com/K3TZR/LogFeatures.git";
			requirement = {
				branch = main;
				kind = branch;
			};
		};
		9F8448422BB5B89C0000C95D /* XCRemoteSwiftPackageReference "SDRApiFeatures" */ = {
			isa = XCRemoteSwiftPackageReference;
			repositoryURL = "https://github.com/K3TZR/SDRApiFeatures.git";
			requirement = {
				branch = main;
				kind = branch;
			};
		};
/* End XCRemoteSwiftPackageReference section */

/* Begin XCSwiftPackageProductDependency section */
		9F1D16002BB9AEE60062A4CD /* XCGLogFeature */ = {
			isa = XCSwiftPackageProductDependency;
			package = 9F1D15FF2BB9AEE60062A4CD /* XCRemoteSwiftPackageReference "LogFeatures" */;
			productName = XCGLogFeature;
		};
		9F1D16022BB9AF3D0062A4CD /* ClientFeature */ = {
			isa = XCSwiftPackageProductDependency;
			package = 9F8448422BB5B89C0000C95D /* XCRemoteSwiftPackageReference "SDRApiFeatures" */;
			productName = ClientFeature;
		};
		9F1D16042BB9AF3D0062A4CD /* DaxAudioFeature */ = {
			isa = XCSwiftPackageProductDependency;
			package = 9F8448422BB5B89C0000C95D /* XCRemoteSwiftPackageReference "SDRApiFeatures" */;
			productName = DaxAudioFeature;
		};
		9F1D16062BB9AF3D0062A4CD /* DirectFeature */ = {
			isa = XCSwiftPackageProductDependency;
			package = 9F8448422BB5B89C0000C95D /* XCRemoteSwiftPackageReference "SDRApiFeatures" */;
			productName = DirectFeature;
		};
		9F1D16082BB9AF3D0062A4CD /* FlexApiFeature */ = {
			isa = XCSwiftPackageProductDependency;
			package = 9F8448422BB5B89C0000C95D /* XCRemoteSwiftPackageReference "SDRApiFeatures" */;
			productName = FlexApiFeature;
		};
		9F1D160A2BB9AF3D0062A4CD /* ListenerFeature */ = {
			isa = XCSwiftPackageProductDependency;
			package = 9F8448422BB5B89C0000C95D /* XCRemoteSwiftPackageReference "SDRApiFeatures" */;
			productName = ListenerFeature;
		};
		9F1D160C2BB9AF3D0062A4CD /* LoginFeature */ = {
			isa = XCSwiftPackageProductDependency;
			package = 9F8448422BB5B89C0000C95D /* XCRemoteSwiftPackageReference "SDRApiFeatures" */;
			productName = LoginFeature;
		};
		9F1D160E2BB9AF3D0062A4CD /* PickerFeature */ = {
			isa = XCSwiftPackageProductDependency;
			package = 9F8448422BB5B89C0000C95D /* XCRemoteSwiftPackageReference "SDRApiFeatures" */;
			productName = PickerFeature;
		};
		9F1D16102BB9AF3D0062A4CD /* RingBufferFeature */ = {
			isa = XCSwiftPackageProductDependency;
			package = 9F8448422BB5B89C0000C95D /* XCRemoteSwiftPackageReference "SDRApiFeatures" */;
			productName = RingBufferFeature;
		};
		9F1D16122BB9AF3D0062A4CD /* RxAudioFeature */ = {
			isa = XCSwiftPackageProductDependency;
			package = 9F8448422BB5B89C0000C95D /* XCRemoteSwiftPackageReference "SDRApiFeatures" */;
			productName = RxAudioFeature;
		};
		9F1D16142BB9AF3D0062A4CD /* SettingsFeature */ = {
			isa = XCSwiftPackageProductDependency;
			package = 9F8448422BB5B89C0000C95D /* XCRemoteSwiftPackageReference "SDRApiFeatures" */;
			productName = SettingsFeature;
		};
		9F1D16162BB9AF3D0062A4CD /* SharedFeature */ = {
			isa = XCSwiftPackageProductDependency;
			package = 9F8448422BB5B89C0000C95D /* XCRemoteSwiftPackageReference "SDRApiFeatures" */;
			productName = SharedFeature;
		};
		9F1D16182BB9AF3D0062A4CD /* TcpFeature */ = {
			isa = XCSwiftPackageProductDependency;
			package = 9F8448422BB5B89C0000C95D /* XCRemoteSwiftPackageReference "SDRApiFeatures" */;
			productName = TcpFeature;
		};
		9F1D161A2BB9AF3D0062A4CD /* UdpFeature */ = {
			isa = XCSwiftPackageProductDependency;
			package = 9F8448422BB5B89C0000C95D /* XCRemoteSwiftPackageReference "SDRApiFeatures" */;
			productName = UdpFeature;
		};
		9F1D161C2BB9AF3D0062A4CD /* VitaFeature */ = {
			isa = XCSwiftPackageProductDependency;
			package = 9F8448422BB5B89C0000C95D /* XCRemoteSwiftPackageReference "SDRApiFeatures" */;
			productName = VitaFeature;
		};
		9F1D16212BBB2F3D0062A4CD /* ControlsFeature */ = {
			isa = XCSwiftPackageProductDependency;
			productName = ControlsFeature;
		};
/* End XCSwiftPackageProductDependency section */
	};
	rootObject = 9F5796F42A2B919700E93D97 /* Project object */;
}
